
Microsoft Visual Studio Solution File, Format Version 12.00
# Visual Studio 2012
Project("{FAE04EC0-301F-11D3-BF4B-00C04F79EFBC}") = "Correspondence.Distributor.BinaryHttp", "Correspondence.Distributor.BinaryHttp\Correspondence.Distributor.BinaryHttp.csproj", "{76F4A690-0BD2-429D-AAC5-5FC2D10CA70B}"
EndProject
Project("{FAE04EC0-301F-11D3-BF4B-00C04F79EFBC}") = "Correspondence.Distributor.SqlRepository", "Correspondence.Distributor.SqlRepository\Correspondence.Distributor.SqlRepository.csproj", "{A0D727F1-3409-4A84-A761-4C6DA18915B1}"
EndProject
Project("{FAE04EC0-301F-11D3-BF4B-00C04F79EFBC}") = "Correspondence.Distributor.WindowsPhone", "Correspondence.Distributor.WindowsPhone\Correspondence.Distributor.WindowsPhone.csproj", "{9BE1590B-DDA1-4E50-A78A-F7B7185A1795}"
EndProject
Project("{FAE04EC0-301F-11D3-BF4B-00C04F79EFBC}") = "Correspondence.Distributor.WindowsPhone.SqlRepository", "Correspondence.Distributor.WindowsPhone.SqlRepository\Correspondence.Distributor.WindowsPhone.SqlRepository.csproj", "{46F1C75C-2F9B-46DA-B714-C7E9B9194D7A}"
EndProject
Project("{FAE04EC0-301F-11D3-BF4B-00C04F79EFBC}") = "Correspondence.Distributor", "Correspondence.Distributor\Correspondence.Distributor.csproj", "{F76AE044-785D-4612-98BE-8FEB4A4DE4C5}"
EndProject
Project("{FAE04EC0-301F-11D3-BF4B-00C04F79EFBC}") = "Correspondence.Distributor.Web", "Correspondence.Distributor.Web\Correspondence.Distributor.Web.csproj", "{BD839AA5-85C4-4216-8385-7E8517917B0A}"
EndProject
Project("{2150E333-8FDC-42A3-9474-1A3956D46DE8}") = ".nuget", ".nuget", "{9752431E-EED5-4137-ABA8-A0CB5C1F1AB3}"
	ProjectSection(SolutionItems) = preProject
		.nuget\NuGet.Config = .nuget\NuGet.Config
		.nuget\NuGet.exe = .nuget\NuGet.exe
		.nuget\NuGet.targets = .nuget\NuGet.targets
	EndProjectSection
EndProject
Project("{FAE04EC0-301F-11D3-BF4B-00C04F79EFBC}") = "Correspondence.Distributor.BinaryHttp.Test", "Correspondence.Distributor.BinaryHttp.Test\Correspondence.Distributor.BinaryHttp.Test.csproj", "{6BADD1F3-4CCC-494D-B9D1-53A61A5E0EA3}"
EndProject
Global
	GlobalSection(SolutionConfigurationPlatforms) = preSolution
		Debug|Any CPU = Debug|Any CPU
		Release|Any CPU = Release|Any CPU
	EndGlobalSection
	GlobalSection(ProjectConfigurationPlatforms) = postSolution
		{76F4A690-0BD2-429D-AAC5-5FC2D10CA70B}.Debug|Any CPU.ActiveCfg = Debug|Any CPU
		{76F4A690-0BD2-429D-AAC5-5FC2D10CA70B}.Debug|Any CPU.Build.0 = Debug|Any CPU
		{76F4A690-0BD2-429D-AAC5-5FC2D10CA70B}.Release|Any CPU.ActiveCfg = Release|Any CPU
		{76F4A690-0BD2-429D-AAC5-5FC2D10CA70B}.Release|Any CPU.Build.0 = Release|Any CPU
		{A0D727F1-3409-4A84-A761-4C6DA18915B1}.Debug|Any CPU.ActiveCfg = Debug|Any CPU
		{A0D727F1-3409-4A84-A761-4C6DA18915B1}.Debug|Any CPU.Build.0 = Debug|Any CPU
		{A0D727F1-3409-4A84-A761-4C6DA18915B1}.Release|Any CPU.ActiveCfg = Release|Any CPU
		{A0D727F1-3409-4A84-A761-4C6DA18915B1}.Release|Any CPU.Build.0 = Release|Any CPU
		{9BE1590B-DDA1-4E50-A78A-F7B7185A1795}.Debug|Any CPU.ActiveCfg = Debug|Any CPU
		{9BE1590B-DDA1-4E50-A78A-F7B7185A1795}.Debug|Any CPU.Build.0 = Debug|Any CPU
		{9BE1590B-DDA1-4E50-A78A-F7B7185A1795}.Release|Any CPU.ActiveCfg = Release|Any CPU
		{9BE1590B-DDA1-4E50-A78A-F7B7185A1795}.Release|Any CPU.Build.0 = Release|Any CPU
		{46F1C75C-2F9B-46DA-B714-C7E9B9194D7A}.Debug|Any CPU.ActiveCfg = Debug|Any CPU
		{46F1C75C-2F9B-46DA-B714-C7E9B9194D7A}.Debug|Any CPU.Build.0 = Debug|Any CPU
		{46F1C75C-2F9B-46DA-B714-C7E9B9194D7A}.Release|Any CPU.ActiveCfg = Release|Any CPU
		{46F1C75C-2F9B-46DA-B714-C7E9B9194D7A}.Release|Any CPU.Build.0 = Release|Any CPU
		{F76AE044-785D-4612-98BE-8FEB4A4DE4C5}.Debug|Any CPU.ActiveCfg = Debug|Any CPU
		{F76AE044-785D-4612-98BE-8FEB4A4DE4C5}.Debug|Any CPU.Build.0 = Debug|Any CPU
		{F76AE044-785D-4612-98BE-8FEB4A4DE4C5}.Release|Any CPU.ActiveCfg = Release|Any CPU
		{F76AE044-785D-4612-98BE-8FEB4A4DE4C5}.Release|Any CPU.Build.0 = Release|Any CPU
		{BD839AA5-85C4-4216-8385-7E8517917B0A}.Debug|Any CPU.ActiveCfg = Debug|Any CPU
		{BD839AA5-85C4-4216-8385-7E8517917B0A}.Debug|Any CPU.Build.0 = Debug|Any CPU
		{BD839AA5-85C4-4216-8385-7E8517917B0A}.Release|Any CPU.ActiveCfg = Release|Any CPU
		{BD839AA5-85C4-4216-8385-7E8517917B0A}.Release|Any CPU.Build.0 = Release|Any CPU
		{6BADD1F3-4CCC-494D-B9D1-53A61A5E0EA3}.Debug|Any CPU.ActiveCfg = Debug|Any CPU
		{6BADD1F3-4CCC-494D-B9D1-53A61A5E0EA3}.Debug|Any CPU.Build.0 = Debug|Any CPU
		{6BADD1F3-4CCC-494D-B9D1-53A61A5E0EA3}.Release|Any CPU.ActiveCfg = Release|Any CPU
		{6BADD1F3-4CCC-494D-B9D1-53A61A5E0EA3}.Release|Any CPU.Build.0 = Release|Any CPU
	EndGlobalSection
	GlobalSection(SolutionProperties) = preSolution
		HideSolutionNode = FALSE
	EndGlobalSection
EndGlobal
